
Microsoft Visual Studio Solution File, Format Version 12.00
# Visual Studio 14
VisualStudioVersion = 14.0.25420.1
MinimumVisualStudioVersion = 10.0.40219.1
Project("{888888A0-9F3D-457C-B088-3A5042F75D52}") = "RADDevice_VUP", "RADDevice_VUP\RADDevice_VUP.pyproj", "{FACBEFFA-CC49-4E0A-8C4B-EB9D04A5547E}"
EndProject
Global
	GlobalSection(SolutionConfigurationPlatforms) = preSolution
		Debug|Any CPU = Debug|Any CPU
		Release|Any CPU = Release|Any CPU
	EndGlobalSection
	GlobalSection(ProjectConfigurationPlatforms) = postSolution
		{FACBEFFA-CC49-4E0A-8C4B-EB9D04A5547E}.Debug|Any CPU.ActiveCfg = Debug|Any CPU
		{FACBEFFA-CC49-4E0A-8C4B-EB9D04A5547E}.Release|Any CPU.ActiveCfg = Release|Any CPU
	EndGlobalSection
	GlobalSection(SolutionProperties) = preSolution
		HideSolutionNode = FALSE
	EndGlobalSection
EndGlobal
